
Microsoft Visual Studio Solution File, Format Version 12.00
# Visual Studio Version 17
VisualStudioVersion = 17.1.32407.343
MinimumVisualStudioVersion = 10.0.40219.1
Project("{2150E333-8FDC-42A3-9474-1A3956D46DE8}") = "Core", "Core", "{DD9E198F-F581-4C27-9789-C8C350370F13}"
EndProject
Project("{2150E333-8FDC-42A3-9474-1A3956D46DE8}") = "Infrastructure", "Infrastructure", "{7BE21DB9-ECC9-4565-A4A6-0DCE255A4BE3}"
EndProject
Project("{2150E333-8FDC-42A3-9474-1A3956D46DE8}") = "src", "src", "{6597E5B2-6707-4851-869D-13B497A5931B}"
EndProject
Project("{2150E333-8FDC-42A3-9474-1A3956D46DE8}") = "test", "test", "{9F2AE937-86B0-474B-8E89-57F09804620A}"
EndProject
Project("{2150E333-8FDC-42A3-9474-1A3956D46DE8}") = "Presentation", "Presentation", "{F62C8909-395E-4051-9367-5C44A5D8A3CE}"
EndProject
Project("{9A19103F-16F7-4668-BE54-9A1E7A4F7556}") = "Domain", "Domain\Domain.csproj", "{982575ED-07AF-4BAC-8A57-15E6B180BF05}"
EndProject
Project("{9A19103F-16F7-4668-BE54-9A1E7A4F7556}") = "Application", "Application\Application.csproj", "{62415D78-EAB3-4C39-8E27-45DA5BAA7E2E}"
EndProject
Project("{9A19103F-16F7-4668-BE54-9A1E7A4F7556}") = "Identity", "Identity\Identity.csproj", "{6EDDC246-FE0A-4D7E-808B-36AF56DA5D2D}"
EndProject
Project("{9A19103F-16F7-4668-BE54-9A1E7A4F7556}") = "Persistence", "Persistence\Persistence.csproj", "{39FAB0DB-E0FD-4DC6-B9B0-DF9171061376}"
EndProject
Project("{9A19103F-16F7-4668-BE54-9A1E7A4F7556}") = "MyPatient.Api", "MyPatient.Api\MyPatient.Api.csproj", "{FF505A1E-CA2D-4973-9C80-C06473D04735}"
EndProject
Project("{2150E333-8FDC-42A3-9474-1A3956D46DE8}") = "UI", "UI", "{0CCAFD49-B815-4A54-ACB4-8D2B156888F2}"
EndProject
Project("{9A19103F-16F7-4668-BE54-9A1E7A4F7556}") = "DoctorManagementUI", "DoctorManagementUI\DoctorManagementUI.csproj", "{7CEE272A-3956-4A31-A90B-DFCB1DBD9FF3}"
EndProject
Global
	GlobalSection(SolutionConfigurationPlatforms) = preSolution
		Debug|Any CPU = Debug|Any CPU
		Release|Any CPU = Release|Any CPU
	EndGlobalSection
	GlobalSection(ProjectConfigurationPlatforms) = postSolution
		{982575ED-07AF-4BAC-8A57-15E6B180BF05}.Debug|Any CPU.ActiveCfg = Debug|Any CPU
		{982575ED-07AF-4BAC-8A57-15E6B180BF05}.Debug|Any CPU.Build.0 = Debug|Any CPU
		{982575ED-07AF-4BAC-8A57-15E6B180BF05}.Release|Any CPU.ActiveCfg = Release|Any CPU
		{982575ED-07AF-4BAC-8A57-15E6B180BF05}.Release|Any CPU.Build.0 = Release|Any CPU
		{62415D78-EAB3-4C39-8E27-45DA5BAA7E2E}.Debug|Any CPU.ActiveCfg = Debug|Any CPU
		{62415D78-EAB3-4C39-8E27-45DA5BAA7E2E}.Debug|Any CPU.Build.0 = Debug|Any CPU
		{62415D78-EAB3-4C39-8E27-45DA5BAA7E2E}.Release|Any CPU.ActiveCfg = Release|Any CPU
		{62415D78-EAB3-4C39-8E27-45DA5BAA7E2E}.Release|Any CPU.Build.0 = Release|Any CPU
		{6EDDC246-FE0A-4D7E-808B-36AF56DA5D2D}.Debug|Any CPU.ActiveCfg = Debug|Any CPU
		{6EDDC246-FE0A-4D7E-808B-36AF56DA5D2D}.Debug|Any CPU.Build.0 = Debug|Any CPU
		{6EDDC246-FE0A-4D7E-808B-36AF56DA5D2D}.Release|Any CPU.ActiveCfg = Release|Any CPU
		{6EDDC246-FE0A-4D7E-808B-36AF56DA5D2D}.Release|Any CPU.Build.0 = Release|Any CPU
		{39FAB0DB-E0FD-4DC6-B9B0-DF9171061376}.Debug|Any CPU.ActiveCfg = Debug|Any CPU
		{39FAB0DB-E0FD-4DC6-B9B0-DF9171061376}.Debug|Any CPU.Build.0 = Debug|Any CPU
		{39FAB0DB-E0FD-4DC6-B9B0-DF9171061376}.Release|Any CPU.ActiveCfg = Release|Any CPU
		{39FAB0DB-E0FD-4DC6-B9B0-DF9171061376}.Release|Any CPU.Build.0 = Release|Any CPU
		{FF505A1E-CA2D-4973-9C80-C06473D04735}.Debug|Any CPU.ActiveCfg = Debug|Any CPU
		{FF505A1E-CA2D-4973-9C80-C06473D04735}.Debug|Any CPU.Build.0 = Debug|Any CPU
		{FF505A1E-CA2D-4973-9C80-C06473D04735}.Release|Any CPU.ActiveCfg = Release|Any CPU
		{FF505A1E-CA2D-4973-9C80-C06473D04735}.Release|Any CPU.Build.0 = Release|Any CPU
		{7CEE272A-3956-4A31-A90B-DFCB1DBD9FF3}.Debug|Any CPU.ActiveCfg = Debug|Any CPU
		{7CEE272A-3956-4A31-A90B-DFCB1DBD9FF3}.Debug|Any CPU.Build.0 = Debug|Any CPU
		{7CEE272A-3956-4A31-A90B-DFCB1DBD9FF3}.Release|Any CPU.ActiveCfg = Release|Any CPU
		{7CEE272A-3956-4A31-A90B-DFCB1DBD9FF3}.Release|Any CPU.Build.0 = Release|Any CPU
	EndGlobalSection
	GlobalSection(SolutionProperties) = preSolution
		HideSolutionNode = FALSE
	EndGlobalSection
	GlobalSection(NestedProjects) = preSolution
		{DD9E198F-F581-4C27-9789-C8C350370F13} = {6597E5B2-6707-4851-869D-13B497A5931B}
		{7BE21DB9-ECC9-4565-A4A6-0DCE255A4BE3} = {6597E5B2-6707-4851-869D-13B497A5931B}
		{F62C8909-395E-4051-9367-5C44A5D8A3CE} = {6597E5B2-6707-4851-869D-13B497A5931B}
		{982575ED-07AF-4BAC-8A57-15E6B180BF05} = {DD9E198F-F581-4C27-9789-C8C350370F13}
		{62415D78-EAB3-4C39-8E27-45DA5BAA7E2E} = {DD9E198F-F581-4C27-9789-C8C350370F13}
		{6EDDC246-FE0A-4D7E-808B-36AF56DA5D2D} = {7BE21DB9-ECC9-4565-A4A6-0DCE255A4BE3}
		{39FAB0DB-E0FD-4DC6-B9B0-DF9171061376} = {7BE21DB9-ECC9-4565-A4A6-0DCE255A4BE3}
		{FF505A1E-CA2D-4973-9C80-C06473D04735} = {F62C8909-395E-4051-9367-5C44A5D8A3CE}
		{0CCAFD49-B815-4A54-ACB4-8D2B156888F2} = {6597E5B2-6707-4851-869D-13B497A5931B}
		{7CEE272A-3956-4A31-A90B-DFCB1DBD9FF3} = {0CCAFD49-B815-4A54-ACB4-8D2B156888F2}
	EndGlobalSection
	GlobalSection(ExtensibilityGlobals) = postSolution
		SolutionGuid = {A4ECF327-BA6D-474B-AF1E-D292D7842B76}
	EndGlobalSection
EndGlobal
